
Microsoft Visual Studio Solution File, Format Version 12.00
# Visual Studio 15
VisualStudioVersion = 15.0.25807.0
MinimumVisualStudioVersion = 10.0.40219.1
Project("{2150E333-8FDC-42A3-9474-1A3956D46DE8}") = "Engine", "Engine", "{38EE6F5A-1851-4EB6-94F3-00EAE06D5A0B}"
EndProject
Project("{2150E333-8FDC-42A3-9474-1A3956D46DE8}") = "Enterprise", "Enterprise", "{382A2B5E-8B0F-4F9A-8324-771CE18DE101}"
EndProject
Project("{2150E333-8FDC-42A3-9474-1A3956D46DE8}") = "Games", "Games", "{19AD8DA1-FA9F-48CA-8312-576D7350F75C}"
EndProject
Project("{8BC9CEB8-8B4A-11D0-8D11-00A0C91BC942}") = "UE4", "Intermediate\ProjectFiles\UE4.vcxproj", "{FA7EC4A9-E829-4A54-8AD7-96A1D3FB96B1}"
EndProject
Project("{8BC9CEB8-8B4A-11D0-8D11-00A0C91BC942}") = "Studio", "Intermediate\ProjectFiles\Studio.vcxproj", "{46384CF1-57BF-4F5A-BFD1-1E8018B5144A}"
EndProject
Project("{8BC9CEB8-8B4A-11D0-8D11-00A0C91BC942}") = "BattleTank", "Intermediate\ProjectFiles\BattleTank.vcxproj", "{B1E9E00C-76FF-4FB5-9A3F-7C9C24642CE5}"
EndProject
Global
	GlobalSection(SolutionConfigurationPlatforms) = preSolution
		DebugGame Editor|HTML5 = DebugGame Editor|HTML5
		DebugGame Editor|IOS = DebugGame Editor|IOS
		DebugGame Editor|Win32 = DebugGame Editor|Win32
		DebugGame Editor|Win64 = DebugGame Editor|Win64
		DebugGame|HTML5 = DebugGame|HTML5
		DebugGame|IOS = DebugGame|IOS
		DebugGame|Win32 = DebugGame|Win32
		DebugGame|Win64 = DebugGame|Win64
		Development Editor|HTML5 = Development Editor|HTML5
		Development Editor|IOS = Development Editor|IOS
		Development Editor|Win32 = Development Editor|Win32
		Development Editor|Win64 = Development Editor|Win64
		Development|HTML5 = Development|HTML5
		Development|IOS = Development|IOS
		Development|Win32 = Development|Win32
		Development|Win64 = Development|Win64
		Shipping|HTML5 = Shipping|HTML5
		Shipping|IOS = Shipping|IOS
		Shipping|Win32 = Shipping|Win32
		Shipping|Win64 = Shipping|Win64
	EndGlobalSection
	GlobalSection(ProjectConfigurationPlatforms) = postSolution
		{FA7EC4A9-E829-4A54-8AD7-96A1D3FB96B1}.DebugGame Editor|HTML5.ActiveCfg = BuiltWithUnrealBuildTool|Win32
		{FA7EC4A9-E829-4A54-8AD7-96A1D3FB96B1}.DebugGame Editor|HTML5.Build.0 = BuiltWithUnrealBuildTool|Win32
		{FA7EC4A9-E829-4A54-8AD7-96A1D3FB96B1}.DebugGame Editor|IOS.ActiveCfg = BuiltWithUnrealBuildTool|Win32
		{FA7EC4A9-E829-4A54-8AD7-96A1D3FB96B1}.DebugGame Editor|IOS.Build.0 = BuiltWithUnrealBuildTool|Win32
		{FA7EC4A9-E829-4A54-8AD7-96A1D3FB96B1}.DebugGame Editor|Win32.ActiveCfg = BuiltWithUnrealBuildTool|Win32
		{FA7EC4A9-E829-4A54-8AD7-96A1D3FB96B1}.DebugGame Editor|Win32.Build.0 = BuiltWithUnrealBuildTool|Win32
		{FA7EC4A9-E829-4A54-8AD7-96A1D3FB96B1}.DebugGame Editor|Win64.ActiveCfg = BuiltWithUnrealBuildTool|Win32
		{FA7EC4A9-E829-4A54-8AD7-96A1D3FB96B1}.DebugGame Editor|Win64.Build.0 = BuiltWithUnrealBuildTool|Win32
		{FA7EC4A9-E829-4A54-8AD7-96A1D3FB96B1}.DebugGame|HTML5.ActiveCfg = BuiltWithUnrealBuildTool|Win32
		{FA7EC4A9-E829-4A54-8AD7-96A1D3FB96B1}.DebugGame|HTML5.Build.0 = BuiltWithUnrealBuildTool|Win32
		{FA7EC4A9-E829-4A54-8AD7-96A1D3FB96B1}.DebugGame|IOS.ActiveCfg = BuiltWithUnrealBuildTool|Win32
		{FA7EC4A9-E829-4A54-8AD7-96A1D3FB96B1}.DebugGame|IOS.Build.0 = BuiltWithUnrealBuildTool|Win32
		{FA7EC4A9-E829-4A54-8AD7-96A1D3FB96B1}.DebugGame|Win32.ActiveCfg = BuiltWithUnrealBuildTool|Win32
		{FA7EC4A9-E829-4A54-8AD7-96A1D3FB96B1}.DebugGame|Win32.Build.0 = BuiltWithUnrealBuildTool|Win32
		{FA7EC4A9-E829-4A54-8AD7-96A1D3FB96B1}.DebugGame|Win64.ActiveCfg = BuiltWithUnrealBuildTool|Win32
		{FA7EC4A9-E829-4A54-8AD7-96A1D3FB96B1}.DebugGame|Win64.Build.0 = BuiltWithUnrealBuildTool|Win32
		{FA7EC4A9-E829-4A54-8AD7-96A1D3FB96B1}.Development Editor|HTML5.ActiveCfg = BuiltWithUnrealBuildTool|Win32
		{FA7EC4A9-E829-4A54-8AD7-96A1D3FB96B1}.Development Editor|HTML5.Build.0 = BuiltWithUnrealBuildTool|Win32
		{FA7EC4A9-E829-4A54-8AD7-96A1D3FB96B1}.Development Editor|IOS.ActiveCfg = BuiltWithUnrealBuildTool|Win32
		{FA7EC4A9-E829-4A54-8AD7-96A1D3FB96B1}.Development Editor|IOS.Build.0 = BuiltWithUnrealBuildTool|Win32
		{FA7EC4A9-E829-4A54-8AD7-96A1D3FB96B1}.Development Editor|Win32.ActiveCfg = BuiltWithUnrealBuildTool|Win32
		{FA7EC4A9-E829-4A54-8AD7-96A1D3FB96B1}.Development Editor|Win32.Build.0 = BuiltWithUnrealBuildTool|Win32
		{FA7EC4A9-E829-4A54-8AD7-96A1D3FB96B1}.Development Editor|Win64.ActiveCfg = BuiltWithUnrealBuildTool|Win32
		{FA7EC4A9-E829-4A54-8AD7-96A1D3FB96B1}.Development Editor|Win64.Build.0 = BuiltWithUnrealBuildTool|Win32
		{FA7EC4A9-E829-4A54-8AD7-96A1D3FB96B1}.Development|HTML5.ActiveCfg = BuiltWithUnrealBuildTool|Win32
		{FA7EC4A9-E829-4A54-8AD7-96A1D3FB96B1}.Development|HTML5.Build.0 = BuiltWithUnrealBuildTool|Win32
		{FA7EC4A9-E829-4A54-8AD7-96A1D3FB96B1}.Development|IOS.ActiveCfg = BuiltWithUnrealBuildTool|Win32
		{FA7EC4A9-E829-4A54-8AD7-96A1D3FB96B1}.Development|IOS.Build.0 = BuiltWithUnrealBuildTool|Win32
		{FA7EC4A9-E829-4A54-8AD7-96A1D3FB96B1}.Development|Win32.ActiveCfg = BuiltWithUnrealBuildTool|Win32
		{FA7EC4A9-E829-4A54-8AD7-96A1D3FB96B1}.Development|Win32.Build.0 = BuiltWithUnrealBuildTool|Win32
		{FA7EC4A9-E829-4A54-8AD7-96A1D3FB96B1}.Development|Win64.ActiveCfg = BuiltWithUnrealBuildTool|Win32
		{FA7EC4A9-E829-4A54-8AD7-96A1D3FB96B1}.Development|Win64.Build.0 = BuiltWithUnrealBuildTool|Win32
		{FA7EC4A9-E829-4A54-8AD7-96A1D3FB96B1}.Shipping|HTML5.ActiveCfg = BuiltWithUnrealBuildTool|Win32
		{FA7EC4A9-E829-4A54-8AD7-96A1D3FB96B1}.Shipping|HTML5.Build.0 = BuiltWithUnrealBuildTool|Win32
		{FA7EC4A9-E829-4A54-8AD7-96A1D3FB96B1}.Shipping|IOS.ActiveCfg = BuiltWithUnrealBuildTool|Win32
		{FA7EC4A9-E829-4A54-8AD7-96A1D3FB96B1}.Shipping|IOS.Build.0 = BuiltWithUnrealBuildTool|Win32
		{FA7EC4A9-E829-4A54-8AD7-96A1D3FB96B1}.Shipping|Win32.ActiveCfg = BuiltWithUnrealBuildTool|Win32
		{FA7EC4A9-E829-4A54-8AD7-96A1D3FB96B1}.Shipping|Win32.Build.0 = BuiltWithUnrealBuildTool|Win32
		{FA7EC4A9-E829-4A54-8AD7-96A1D3FB96B1}.Shipping|Win64.ActiveCfg = BuiltWithUnrealBuildTool|Win32
		{FA7EC4A9-E829-4A54-8AD7-96A1D3FB96B1}.Shipping|Win64.Build.0 = BuiltWithUnrealBuildTool|Win32
		{46384CF1-57BF-4F5A-BFD1-1E8018B5144A}.DebugGame Editor|HTML5.ActiveCfg = BuiltWithUnrealBuildTool|Win32
		{46384CF1-57BF-4F5A-BFD1-1E8018B5144A}.DebugGame Editor|HTML5.Build.0 = BuiltWithUnrealBuildTool|Win32
		{46384CF1-57BF-4F5A-BFD1-1E8018B5144A}.DebugGame Editor|IOS.ActiveCfg = BuiltWithUnrealBuildTool|Win32
		{46384CF1-57BF-4F5A-BFD1-1E8018B5144A}.DebugGame Editor|IOS.Build.0 = BuiltWithUnrealBuildTool|Win32
		{46384CF1-57BF-4F5A-BFD1-1E8018B5144A}.DebugGame Editor|Win32.ActiveCfg = BuiltWithUnrealBuildTool|Win32
		{46384CF1-57BF-4F5A-BFD1-1E8018B5144A}.DebugGame Editor|Win32.Build.0 = BuiltWithUnrealBuildTool|Win32
		{46384CF1-57BF-4F5A-BFD1-1E8018B5144A}.DebugGame Editor|Win64.ActiveCfg = BuiltWithUnrealBuildTool|Win32
		{46384CF1-57BF-4F5A-BFD1-1E8018B5144A}.DebugGame Editor|Win64.Build.0 = BuiltWithUnrealBuildTool|Win32
		{46384CF1-57BF-4F5A-BFD1-1E8018B5144A}.DebugGame|HTML5.ActiveCfg = BuiltWithUnrealBuildTool|Win32
		{46384CF1-57BF-4F5A-BFD1-1E8018B5144A}.DebugGame|HTML5.Build.0 = BuiltWithUnrealBuildTool|Win32
		{46384CF1-57BF-4F5A-BFD1-1E8018B5144A}.DebugGame|IOS.ActiveCfg = BuiltWithUnrealBuildTool|Win32
		{46384CF1-57BF-4F5A-BFD1-1E8018B5144A}.DebugGame|IOS.Build.0 = BuiltWithUnrealBuildTool|Win32
		{46384CF1-57BF-4F5A-BFD1-1E8018B5144A}.DebugGame|Win32.ActiveCfg = BuiltWithUnrealBuildTool|Win32
		{46384CF1-57BF-4F5A-BFD1-1E8018B5144A}.DebugGame|Win32.Build.0 = BuiltWithUnrealBuildTool|Win32
		{46384CF1-57BF-4F5A-BFD1-1E8018B5144A}.DebugGame|Win64.ActiveCfg = BuiltWithUnrealBuildTool|Win32
		{46384CF1-57BF-4F5A-BFD1-1E8018B5144A}.DebugGame|Win64.Build.0 = BuiltWithUnrealBuildTool|Win32
		{46384CF1-57BF-4F5A-BFD1-1E8018B5144A}.Development Editor|HTML5.ActiveCfg = BuiltWithUnrealBuildTool|Win32
		{46384CF1-57BF-4F5A-BFD1-1E8018B5144A}.Development Editor|HTML5.Build.0 = BuiltWithUnrealBuildTool|Win32
		{46384CF1-57BF-4F5A-BFD1-1E8018B5144A}.Development Editor|IOS.ActiveCfg = BuiltWithUnrealBuildTool|Win32
		{46384CF1-57BF-4F5A-BFD1-1E8018B5144A}.Development Editor|IOS.Build.0 = BuiltWithUnrealBuildTool|Win32
		{46384CF1-57BF-4F5A-BFD1-1E8018B5144A}.Development Editor|Win32.ActiveCfg = BuiltWithUnrealBuildTool|Win32
		{46384CF1-57BF-4F5A-BFD1-1E8018B5144A}.Development Editor|Win32.Build.0 = BuiltWithUnrealBuildTool|Win32
		{46384CF1-57BF-4F5A-BFD1-1E8018B5144A}.Development Editor|Win64.ActiveCfg = BuiltWithUnrealBuildTool|Win32
		{46384CF1-57BF-4F5A-BFD1-1E8018B5144A}.Development Editor|Win64.Build.0 = BuiltWithUnrealBuildTool|Win32
		{46384CF1-57BF-4F5A-BFD1-1E8018B5144A}.Development|HTML5.ActiveCfg = BuiltWithUnrealBuildTool|Win32
		{46384CF1-57BF-4F5A-BFD1-1E8018B5144A}.Development|HTML5.Build.0 = BuiltWithUnrealBuildTool|Win32
		{46384CF1-57BF-4F5A-BFD1-1E8018B5144A}.Development|IOS.ActiveCfg = BuiltWithUnrealBuildTool|Win32
		{46384CF1-57BF-4F5A-BFD1-1E8018B5144A}.Development|IOS.Build.0 = BuiltWithUnrealBuildTool|Win32
		{46384CF1-57BF-4F5A-BFD1-1E8018B5144A}.Development|Win32.ActiveCfg = BuiltWithUnrealBuildTool|Win32
		{46384CF1-57BF-4F5A-BFD1-1E8018B5144A}.Development|Win32.Build.0 = BuiltWithUnrealBuildTool|Win32
		{46384CF1-57BF-4F5A-BFD1-1E8018B5144A}.Development|Win64.ActiveCfg = BuiltWithUnrealBuildTool|Win32
		{46384CF1-57BF-4F5A-BFD1-1E8018B5144A}.Development|Win64.Build.0 = BuiltWithUnrealBuildTool|Win32
		{46384CF1-57BF-4F5A-BFD1-1E8018B5144A}.Shipping|HTML5.ActiveCfg = BuiltWithUnrealBuildTool|Win32
		{46384CF1-57BF-4F5A-BFD1-1E8018B5144A}.Shipping|HTML5.Build.0 = BuiltWithUnrealBuildTool|Win32
		{46384CF1-57BF-4F5A-BFD1-1E8018B5144A}.Shipping|IOS.ActiveCfg = BuiltWithUnrealBuildTool|Win32
		{46384CF1-57BF-4F5A-BFD1-1E8018B5144A}.Shipping|IOS.Build.0 = BuiltWithUnrealBuildTool|Win32
		{46384CF1-57BF-4F5A-BFD1-1E8018B5144A}.Shipping|Win32.ActiveCfg = BuiltWithUnrealBuildTool|Win32
		{46384CF1-57BF-4F5A-BFD1-1E8018B5144A}.Shipping|Win32.Build.0 = BuiltWithUnrealBuildTool|Win32
		{46384CF1-57BF-4F5A-BFD1-1E8018B5144A}.Shipping|Win64.ActiveCfg = BuiltWithUnrealBuildTool|Win32
		{46384CF1-57BF-4F5A-BFD1-1E8018B5144A}.Shipping|Win64.Build.0 = BuiltWithUnrealBuildTool|Win32
		{B1E9E00C-76FF-4FB5-9A3F-7C9C24642CE5}.DebugGame Editor|HTML5.ActiveCfg = HTML5_DebugGame_Editor|Win32
		{B1E9E00C-76FF-4FB5-9A3F-7C9C24642CE5}.DebugGame Editor|IOS.ActiveCfg = IOS_DebugGame_Editor|Win32
		{B1E9E00C-76FF-4FB5-9A3F-7C9C24642CE5}.DebugGame Editor|Win32.ActiveCfg = DebugGame_Editor|Win32
		{B1E9E00C-76FF-4FB5-9A3F-7C9C24642CE5}.DebugGame Editor|Win64.ActiveCfg = DebugGame_Editor|x64
		{B1E9E00C-76FF-4FB5-9A3F-7C9C24642CE5}.DebugGame Editor|Win64.Build.0 = DebugGame_Editor|x64
		{B1E9E00C-76FF-4FB5-9A3F-7C9C24642CE5}.DebugGame|HTML5.ActiveCfg = HTML5_DebugGame_Game|Win32
		{B1E9E00C-76FF-4FB5-9A3F-7C9C24642CE5}.DebugGame|HTML5.Build.0 = HTML5_DebugGame_Game|Win32
		{B1E9E00C-76FF-4FB5-9A3F-7C9C24642CE5}.DebugGame|IOS.ActiveCfg = IOS_DebugGame_Game|Win32
		{B1E9E00C-76FF-4FB5-9A3F-7C9C24642CE5}.DebugGame|IOS.Build.0 = IOS_DebugGame_Game|Win32
		{B1E9E00C-76FF-4FB5-9A3F-7C9C24642CE5}.DebugGame|Win32.ActiveCfg = DebugGame_Game|Win32
		{B1E9E00C-76FF-4FB5-9A3F-7C9C24642CE5}.DebugGame|Win32.Build.0 = DebugGame_Game|Win32
		{B1E9E00C-76FF-4FB5-9A3F-7C9C24642CE5}.DebugGame|Win64.ActiveCfg = DebugGame_Game|x64
		{B1E9E00C-76FF-4FB5-9A3F-7C9C24642CE5}.DebugGame|Win64.Build.0 = DebugGame_Game|x64
		{B1E9E00C-76FF-4FB5-9A3F-7C9C24642CE5}.Development Editor|HTML5.ActiveCfg = HTML5_Development_Editor|Win32
		{B1E9E00C-76FF-4FB5-9A3F-7C9C24642CE5}.Development Editor|IOS.ActiveCfg = IOS_Development_Editor|Win32
		{B1E9E00C-76FF-4FB5-9A3F-7C9C24642CE5}.Development Editor|Win32.ActiveCfg = Development_Editor|Win32
		{B1E9E00C-76FF-4FB5-9A3F-7C9C24642CE5}.Development Editor|Win64.ActiveCfg = Development_Editor|x64
		{B1E9E00C-76FF-4FB5-9A3F-7C9C24642CE5}.Development Editor|Win64.Build.0 = Development_Editor|x64
		{B1E9E00C-76FF-4FB5-9A3F-7C9C24642CE5}.Development|HTML5.ActiveCfg = HTML5_Development_Game|Win32
		{B1E9E00C-76FF-4FB5-9A3F-7C9C24642CE5}.Development|HTML5.Build.0 = HTML5_Development_Game|Win32
		{B1E9E00C-76FF-4FB5-9A3F-7C9C24642CE5}.Development|IOS.ActiveCfg = IOS_Development_Game|Win32
		{B1E9E00C-76FF-4FB5-9A3F-7C9C24642CE5}.Development|IOS.Build.0 = IOS_Development_Game|Win32
		{B1E9E00C-76FF-4FB5-9A3F-7C9C24642CE5}.Development|Win32.ActiveCfg = Development_Game|Win32
		{B1E9E00C-76FF-4FB5-9A3F-7C9C24642CE5}.Development|Win32.Build.0 = Development_Game|Win32
		{B1E9E00C-76FF-4FB5-9A3F-7C9C24642CE5}.Development|Win64.ActiveCfg = Development_Game|x64
		{B1E9E00C-76FF-4FB5-9A3F-7C9C24642CE5}.Development|Win64.Build.0 = Development_Game|x64
		{B1E9E00C-76FF-4FB5-9A3F-7C9C24642CE5}.Shipping|HTML5.ActiveCfg = HTML5_Shipping_Game|Win32
		{B1E9E00C-76FF-4FB5-9A3F-7C9C24642CE5}.Shipping|HTML5.Build.0 = HTML5_Shipping_Game|Win32
		{B1E9E00C-76FF-4FB5-9A3F-7C9C24642CE5}.Shipping|IOS.ActiveCfg = IOS_Shipping_Game|Win32
		{B1E9E00C-76FF-4FB5-9A3F-7C9C24642CE5}.Shipping|IOS.Build.0 = IOS_Shipping_Game|Win32
		{B1E9E00C-76FF-4FB5-9A3F-7C9C24642CE5}.Shipping|Win32.ActiveCfg = Shipping_Game|Win32
		{B1E9E00C-76FF-4FB5-9A3F-7C9C24642CE5}.Shipping|Win32.Build.0 = Shipping_Game|Win32
		{B1E9E00C-76FF-4FB5-9A3F-7C9C24642CE5}.Shipping|Win64.ActiveCfg = Shipping_Game|x64
		{B1E9E00C-76FF-4FB5-9A3F-7C9C24642CE5}.Shipping|Win64.Build.0 = Shipping_Game|x64
	EndGlobalSection
	GlobalSection(SolutionProperties) = preSolution
		HideSolutionNode = FALSE
	EndGlobalSection
	GlobalSection(NestedProjects) = preSolution
		{FA7EC4A9-E829-4A54-8AD7-96A1D3FB96B1} = {38EE6F5A-1851-4EB6-94F3-00EAE06D5A0B}
		{46384CF1-57BF-4F5A-BFD1-1E8018B5144A} = {382A2B5E-8B0F-4F9A-8324-771CE18DE101}
		{B1E9E00C-76FF-4FB5-9A3F-7C9C24642CE5} = {19AD8DA1-FA9F-48CA-8312-576D7350F75C}
	EndGlobalSection
	GlobalSection(ExtensibilityGlobals) = postSolution
		SolutionGuid = {5D32CDD5-146A-4DD7-A713-5053870EFB9B}
	EndGlobalSection
EndGlobal
